{
  "originHash" : "25471f02a85e676b6c8bf950d892ce801090d48b0e8ded23b2624c684b401498",
  "pins" : [
    {
      "identity" : "sdk-ios",
      "kind" : "remoteSourceControl",
      "location" : "https://github.com/hypertrack/sdk-ios",
      "state" : {
        "revision" : "dd0c9c2bb9ada5ae8cb1846dae29f22355a8c8e6",
        "version" : "5.10.0"
      }
    }
  ],
  "version" : 3
}
